
Microsoft Visual Studio Solution File, Format Version 12.00
Project("{FAE04EC0-301F-11D3-BF4B-00C04F79EFBC}") = "Stack and Queue", "Stack and Queue.csproj", "{C7330395-B833-484E-9126-7185E7E06D86}"
EndProject
Global
	GlobalSection(SolutionConfigurationPlatforms) = preSolution
		Debug|Any CPU = Debug|Any CPU
		Release|Any CPU = Release|Any CPU
	EndGlobalSection
	GlobalSection(ProjectConfigurationPlatforms) = postSolution
		{C7330395-B833-484E-9126-7185E7E06D86}.Debug|Any CPU.ActiveCfg = Debug|Any CPU
		{C7330395-B833-484E-9126-7185E7E06D86}.Debug|Any CPU.Build.0 = Debug|Any CPU
		{C7330395-B833-484E-9126-7185E7E06D86}.Release|Any CPU.ActiveCfg = Release|Any CPU
		{C7330395-B833-484E-9126-7185E7E06D86}.Release|Any CPU.Build.0 = Release|Any CPU
	EndGlobalSection
EndGlobal
